
Microsoft Visual Studio Solution File, Format Version 12.00
Project("{2150E333-8FDC-42A3-9474-1A3956D46DE8}") = "src", "src", "{AD809CA3-7EB2-453B-ACE5-7D72799A207A}"
EndProject
Project("{2150E333-8FDC-42A3-9474-1A3956D46DE8}") = "Services", "Services", "{50361838-553E-4931-A1D1-886ACEB65A1E}"
EndProject
Project("{2150E333-8FDC-42A3-9474-1A3956D46DE8}") = "ApiGateways", "ApiGateways", "{701774BE-473C-4663-8C0A-7EEC4042BB55}"
EndProject
Project("{2150E333-8FDC-42A3-9474-1A3956D46DE8}") = "Clients", "Clients", "{F08D513A-9618-48B5-9522-6A553D5E4265}"
EndProject
Project("{2150E333-8FDC-42A3-9474-1A3956D46DE8}") = "Tasks", "Tasks", "{330AA659-C900-47C1-954A-28AF9D3342A2}"
EndProject
Project("{2150E333-8FDC-42A3-9474-1A3956D46DE8}") = "src", "src", "{2E1ABF71-775F-4C98-BB9A-82AF0ABAD11A}"
EndProject
Project("{2150E333-8FDC-42A3-9474-1A3956D46DE8}") = "tests", "tests", "{AFD57797-A9EC-4BEE-A46E-18ACD2B33B40}"
EndProject
Project("{FAE04EC0-301F-11D3-BF4B-00C04F79EFBC}") = "Tasks.Api", "src\Services\Tasks\src\Tasks.Api\Tasks.Api.csproj", "{54CA5512-7302-4761-824E-6AE7F96F6D15}"
EndProject
Global
	GlobalSection(SolutionConfigurationPlatforms) = preSolution
		Debug|Any CPU = Debug|Any CPU
		Release|Any CPU = Release|Any CPU
	EndGlobalSection
	GlobalSection(NestedProjects) = preSolution
		{50361838-553E-4931-A1D1-886ACEB65A1E} = {AD809CA3-7EB2-453B-ACE5-7D72799A207A}
		{701774BE-473C-4663-8C0A-7EEC4042BB55} = {AD809CA3-7EB2-453B-ACE5-7D72799A207A}
		{F08D513A-9618-48B5-9522-6A553D5E4265} = {AD809CA3-7EB2-453B-ACE5-7D72799A207A}
		{330AA659-C900-47C1-954A-28AF9D3342A2} = {50361838-553E-4931-A1D1-886ACEB65A1E}
		{2E1ABF71-775F-4C98-BB9A-82AF0ABAD11A} = {330AA659-C900-47C1-954A-28AF9D3342A2}
		{AFD57797-A9EC-4BEE-A46E-18ACD2B33B40} = {330AA659-C900-47C1-954A-28AF9D3342A2}
		{54CA5512-7302-4761-824E-6AE7F96F6D15} = {2E1ABF71-775F-4C98-BB9A-82AF0ABAD11A}
	EndGlobalSection
	GlobalSection(ProjectConfigurationPlatforms) = postSolution
		{54CA5512-7302-4761-824E-6AE7F96F6D15}.Debug|Any CPU.ActiveCfg = Debug|Any CPU
		{54CA5512-7302-4761-824E-6AE7F96F6D15}.Debug|Any CPU.Build.0 = Debug|Any CPU
		{54CA5512-7302-4761-824E-6AE7F96F6D15}.Release|Any CPU.ActiveCfg = Release|Any CPU
		{54CA5512-7302-4761-824E-6AE7F96F6D15}.Release|Any CPU.Build.0 = Release|Any CPU
	EndGlobalSection
EndGlobal
