
Microsoft Visual Studio Solution File, Format Version 12.00
Project("{2150E333-8FDC-42A3-9474-1A3956D46DE8}") = "src", "src", "{AD809CA3-7EB2-453B-ACE5-7D72799A207A}"
EndProject
Project("{2150E333-8FDC-42A3-9474-1A3956D46DE8}") = "Services", "Services", "{50361838-553E-4931-A1D1-886ACEB65A1E}"
EndProject
Project("{2150E333-8FDC-42A3-9474-1A3956D46DE8}") = "ApiGateways", "ApiGateways", "{701774BE-473C-4663-8C0A-7EEC4042BB55}"
EndProject
Project("{2150E333-8FDC-42A3-9474-1A3956D46DE8}") = "Clients", "Clients", "{F08D513A-9618-48B5-9522-6A553D5E4265}"
EndProject
Project("{2150E333-8FDC-42A3-9474-1A3956D46DE8}") = "Tasks", "Tasks", "{330AA659-C900-47C1-954A-28AF9D3342A2}"
EndProject
Project("{2150E333-8FDC-42A3-9474-1A3956D46DE8}") = "src", "src", "{2E1ABF71-775F-4C98-BB9A-82AF0ABAD11A}"
EndProject
Project("{2150E333-8FDC-42A3-9474-1A3956D46DE8}") = "tests", "tests", "{AFD57797-A9EC-4BEE-A46E-18ACD2B33B40}"
EndProject
Project("{FAE04EC0-301F-11D3-BF4B-00C04F79EFBC}") = "Tasks.Api", "src\Services\Tasks\src\Tasks.Api\Tasks.Api.csproj", "{54CA5512-7302-4761-824E-6AE7F96F6D15}"
EndProject
Project("{2150E333-8FDC-42A3-9474-1A3956D46DE8}") = "Identity", "Identity", "{3D3D3057-2841-4DC8-9239-0A8D0800398D}"
EndProject
Project("{2150E333-8FDC-42A3-9474-1A3956D46DE8}") = "src", "src", "{BFB72202-5594-439C-82DC-E0EDAA3A10CA}"
EndProject
Project("{2150E333-8FDC-42A3-9474-1A3956D46DE8}") = "tests", "tests", "{99A7565A-3672-4A7A-AF38-FFC7507CA0FF}"
EndProject
Project("{FAE04EC0-301F-11D3-BF4B-00C04F79EFBC}") = "Identity.Api", "src\Services\Identity\src\Identity.Api\Identity.Api.csproj", "{15BC710D-D1B9-4C9D-A5D0-D346862799E0}"
EndProject
Project("{2150E333-8FDC-42A3-9474-1A3956D46DE8}") = "Web", "Web", "{AED6468E-6355-4782-89AB-214179E1F386}"
EndProject
Project("{FAE04EC0-301F-11D3-BF4B-00C04F79EFBC}") = "Domain", "src\Clients\Web\Domain\Domain.csproj", "{ACF77E1C-C9EF-4837-BB5D-810C546E80DD}"
EndProject
Project("{FAE04EC0-301F-11D3-BF4B-00C04F79EFBC}") = "Presentation", "src\Clients\Web\Presentation\Presentation.csproj", "{AB1F4B3B-ABC9-4686-A35B-9E4DFEABBA89}"
EndProject
Project("{FAE04EC0-301F-11D3-BF4B-00C04F79EFBC}") = "Gateway", "src\ApiGateways\Gateway\Gateway.csproj", "{D37CFBD1-59D1-4DC8-A413-821A825819CE}"
EndProject
Project("{FAE04EC0-301F-11D3-BF4B-00C04F79EFBC}") = "Identity.Domain", "src\Services\Identity\src\Identity.Domain\Identity.Domain.csproj", "{017DA574-ED77-45BC-96C6-F275DE5AC796}"
EndProject
Project("{FAE04EC0-301F-11D3-BF4B-00C04F79EFBC}") = "Identity.Application", "src\Services\Identity\src\Identity.Application\Identity.Application.csproj", "{68C819DD-0C06-41EB-9E8B-DAF2EA2FB890}"
EndProject
Project("{FAE04EC0-301F-11D3-BF4B-00C04F79EFBC}") = "Tasks.Domain", "src\Services\Tasks\src\Tasks.Domain\Tasks.Domain.csproj", "{6227300D-9FCC-4533-831D-B34251CB1780}"
EndProject
Project("{FAE04EC0-301F-11D3-BF4B-00C04F79EFBC}") = "Tasks.Application", "src\Services\Tasks\src\Tasks.Application\Tasks.Application.csproj", "{A48EC9D5-6E07-4B81-8C0F-81B4A0F1A635}"
EndProject
Global
	GlobalSection(SolutionConfigurationPlatforms) = preSolution
		Debug|Any CPU = Debug|Any CPU
		Release|Any CPU = Release|Any CPU
	EndGlobalSection
	GlobalSection(NestedProjects) = preSolution
		{50361838-553E-4931-A1D1-886ACEB65A1E} = {AD809CA3-7EB2-453B-ACE5-7D72799A207A}
		{701774BE-473C-4663-8C0A-7EEC4042BB55} = {AD809CA3-7EB2-453B-ACE5-7D72799A207A}
		{F08D513A-9618-48B5-9522-6A553D5E4265} = {AD809CA3-7EB2-453B-ACE5-7D72799A207A}
		{330AA659-C900-47C1-954A-28AF9D3342A2} = {50361838-553E-4931-A1D1-886ACEB65A1E}
		{2E1ABF71-775F-4C98-BB9A-82AF0ABAD11A} = {330AA659-C900-47C1-954A-28AF9D3342A2}
		{AFD57797-A9EC-4BEE-A46E-18ACD2B33B40} = {330AA659-C900-47C1-954A-28AF9D3342A2}
		{54CA5512-7302-4761-824E-6AE7F96F6D15} = {2E1ABF71-775F-4C98-BB9A-82AF0ABAD11A}
		{3D3D3057-2841-4DC8-9239-0A8D0800398D} = {50361838-553E-4931-A1D1-886ACEB65A1E}
		{BFB72202-5594-439C-82DC-E0EDAA3A10CA} = {3D3D3057-2841-4DC8-9239-0A8D0800398D}
		{99A7565A-3672-4A7A-AF38-FFC7507CA0FF} = {3D3D3057-2841-4DC8-9239-0A8D0800398D}
		{15BC710D-D1B9-4C9D-A5D0-D346862799E0} = {BFB72202-5594-439C-82DC-E0EDAA3A10CA}
		{AED6468E-6355-4782-89AB-214179E1F386} = {F08D513A-9618-48B5-9522-6A553D5E4265}
		{ACF77E1C-C9EF-4837-BB5D-810C546E80DD} = {AED6468E-6355-4782-89AB-214179E1F386}
		{AB1F4B3B-ABC9-4686-A35B-9E4DFEABBA89} = {AED6468E-6355-4782-89AB-214179E1F386}
		{D37CFBD1-59D1-4DC8-A413-821A825819CE} = {701774BE-473C-4663-8C0A-7EEC4042BB55}
		{017DA574-ED77-45BC-96C6-F275DE5AC796} = {BFB72202-5594-439C-82DC-E0EDAA3A10CA}
		{68C819DD-0C06-41EB-9E8B-DAF2EA2FB890} = {BFB72202-5594-439C-82DC-E0EDAA3A10CA}
		{6227300D-9FCC-4533-831D-B34251CB1780} = {2E1ABF71-775F-4C98-BB9A-82AF0ABAD11A}
		{A48EC9D5-6E07-4B81-8C0F-81B4A0F1A635} = {2E1ABF71-775F-4C98-BB9A-82AF0ABAD11A}
	EndGlobalSection
	GlobalSection(ProjectConfigurationPlatforms) = postSolution
		{54CA5512-7302-4761-824E-6AE7F96F6D15}.Debug|Any CPU.ActiveCfg = Debug|Any CPU
		{54CA5512-7302-4761-824E-6AE7F96F6D15}.Debug|Any CPU.Build.0 = Debug|Any CPU
		{54CA5512-7302-4761-824E-6AE7F96F6D15}.Release|Any CPU.ActiveCfg = Release|Any CPU
		{54CA5512-7302-4761-824E-6AE7F96F6D15}.Release|Any CPU.Build.0 = Release|Any CPU
		{15BC710D-D1B9-4C9D-A5D0-D346862799E0}.Debug|Any CPU.ActiveCfg = Debug|Any CPU
		{15BC710D-D1B9-4C9D-A5D0-D346862799E0}.Debug|Any CPU.Build.0 = Debug|Any CPU
		{15BC710D-D1B9-4C9D-A5D0-D346862799E0}.Release|Any CPU.ActiveCfg = Release|Any CPU
		{15BC710D-D1B9-4C9D-A5D0-D346862799E0}.Release|Any CPU.Build.0 = Release|Any CPU
		{ACF77E1C-C9EF-4837-BB5D-810C546E80DD}.Debug|Any CPU.ActiveCfg = Debug|Any CPU
		{ACF77E1C-C9EF-4837-BB5D-810C546E80DD}.Debug|Any CPU.Build.0 = Debug|Any CPU
		{ACF77E1C-C9EF-4837-BB5D-810C546E80DD}.Release|Any CPU.ActiveCfg = Release|Any CPU
		{ACF77E1C-C9EF-4837-BB5D-810C546E80DD}.Release|Any CPU.Build.0 = Release|Any CPU
		{AB1F4B3B-ABC9-4686-A35B-9E4DFEABBA89}.Debug|Any CPU.ActiveCfg = Debug|Any CPU
		{AB1F4B3B-ABC9-4686-A35B-9E4DFEABBA89}.Debug|Any CPU.Build.0 = Debug|Any CPU
		{AB1F4B3B-ABC9-4686-A35B-9E4DFEABBA89}.Release|Any CPU.ActiveCfg = Release|Any CPU
		{AB1F4B3B-ABC9-4686-A35B-9E4DFEABBA89}.Release|Any CPU.Build.0 = Release|Any CPU
		{D37CFBD1-59D1-4DC8-A413-821A825819CE}.Debug|Any CPU.ActiveCfg = Debug|Any CPU
		{D37CFBD1-59D1-4DC8-A413-821A825819CE}.Debug|Any CPU.Build.0 = Debug|Any CPU
		{D37CFBD1-59D1-4DC8-A413-821A825819CE}.Release|Any CPU.ActiveCfg = Release|Any CPU
		{D37CFBD1-59D1-4DC8-A413-821A825819CE}.Release|Any CPU.Build.0 = Release|Any CPU
		{017DA574-ED77-45BC-96C6-F275DE5AC796}.Debug|Any CPU.ActiveCfg = Debug|Any CPU
		{017DA574-ED77-45BC-96C6-F275DE5AC796}.Debug|Any CPU.Build.0 = Debug|Any CPU
		{017DA574-ED77-45BC-96C6-F275DE5AC796}.Release|Any CPU.ActiveCfg = Release|Any CPU
		{017DA574-ED77-45BC-96C6-F275DE5AC796}.Release|Any CPU.Build.0 = Release|Any CPU
		{68C819DD-0C06-41EB-9E8B-DAF2EA2FB890}.Debug|Any CPU.ActiveCfg = Debug|Any CPU
		{68C819DD-0C06-41EB-9E8B-DAF2EA2FB890}.Debug|Any CPU.Build.0 = Debug|Any CPU
		{68C819DD-0C06-41EB-9E8B-DAF2EA2FB890}.Release|Any CPU.ActiveCfg = Release|Any CPU
		{68C819DD-0C06-41EB-9E8B-DAF2EA2FB890}.Release|Any CPU.Build.0 = Release|Any CPU
		{6227300D-9FCC-4533-831D-B34251CB1780}.Debug|Any CPU.ActiveCfg = Debug|Any CPU
		{6227300D-9FCC-4533-831D-B34251CB1780}.Debug|Any CPU.Build.0 = Debug|Any CPU
		{6227300D-9FCC-4533-831D-B34251CB1780}.Release|Any CPU.ActiveCfg = Release|Any CPU
		{6227300D-9FCC-4533-831D-B34251CB1780}.Release|Any CPU.Build.0 = Release|Any CPU
		{A48EC9D5-6E07-4B81-8C0F-81B4A0F1A635}.Debug|Any CPU.ActiveCfg = Debug|Any CPU
		{A48EC9D5-6E07-4B81-8C0F-81B4A0F1A635}.Debug|Any CPU.Build.0 = Debug|Any CPU
		{A48EC9D5-6E07-4B81-8C0F-81B4A0F1A635}.Release|Any CPU.ActiveCfg = Release|Any CPU
		{A48EC9D5-6E07-4B81-8C0F-81B4A0F1A635}.Release|Any CPU.Build.0 = Release|Any CPU
	EndGlobalSection
EndGlobal
